
Microsoft Visual Studio Solution File, Format Version 12.00
# Visual Studio Version 17
VisualStudioVersion = 17.6.33829.357
MinimumVisualStudioVersion = 10.0.40219.1
Project("{FAE04EC0-301F-11D3-BF4B-00C04F79EFBC}") = "Dusty_Easel", "Dusty_Easel\Dusty_Easel.csproj", "{0BA6606F-F19B-4144-8E16-0196554508CE}"
EndProject
Global
	GlobalSection(SolutionConfigurationPlatforms) = preSolution
		Debug|Any CPU = Debug|Any CPU
		Release|Any CPU = Release|Any CPU
	EndGlobalSection
	GlobalSection(ProjectConfigurationPlatforms) = postSolution
		{0BA6606F-F19B-4144-8E16-0196554508CE}.Debug|Any CPU.ActiveCfg = Debug|Any CPU
		{0BA6606F-F19B-4144-8E16-0196554508CE}.Debug|Any CPU.Build.0 = Debug|Any CPU
		{0BA6606F-F19B-4144-8E16-0196554508CE}.Release|Any CPU.ActiveCfg = Release|Any CPU
		{0BA6606F-F19B-4144-8E16-0196554508CE}.Release|Any CPU.Build.0 = Release|Any CPU
	EndGlobalSection
	GlobalSection(SolutionProperties) = preSolution
		HideSolutionNode = FALSE
	EndGlobalSection
	GlobalSection(ExtensibilityGlobals) = postSolution
		SolutionGuid = {B844686A-D44C-4967-B642-AA4CFEA0E235}
	EndGlobalSection
EndGlobal
